
Microsoft Visual Studio Solution File, Format Version 12.00
# Visual Studio 2012
Project("{FAE04EC0-301F-11D3-BF4B-00C04F79EFBC}") = "Core.Utils", "Core\Utils\Core.Utils.csproj", "{E05836D9-0BB3-4BFA-89E6-F5ED40A9D93C}"
EndProject
Project("{FAE04EC0-301F-11D3-BF4B-00C04F79EFBC}") = "Core.Engine", "Core\Engine\Core.Engine.csproj", "{A724DB75-B032-4AE5-B901-063A165F7E71}"
	ProjectSection(ProjectDependencies) = postProject
		{70D4C0DD-845B-4569-9DF2-32887D9AEA32} = {70D4C0DD-845B-4569-9DF2-32887D9AEA32}
	EndProjectSection
EndProject
Project("{FAE04EC0-301F-11D3-BF4B-00C04F79EFBC}") = "Core.Processing", "Core\Editor\Core.Processing.csproj", "{819FF5D0-4498-48F2-9F7D-81A322B9B082}"
EndProject
Project("{8BC9CEB8-8B4A-11D0-8D11-00A0C91BC942}") = "Core.Server", "Core\Server\Carbon.Server.vcxproj", "{70D4C0DD-845B-4569-9DF2-32887D9AEA32}"
EndProject
Project("{FAE04EC0-301F-11D3-BF4B-00C04F79EFBC}") = "Core.Protocol.Sharp", "Core\Protocol\Core.Protocol.Sharp.csproj", "{9FDE20AA-A982-4CA0-9FFC-FD57FAF82088}"
EndProject
Project("{FAE04EC0-301F-11D3-BF4B-00C04F79EFBC}") = "Game.GrandSeal", "Games\GrandSeal\Game.GrandSeal.csproj", "{B7C2C25C-C2A1-40B4-955C-EED2C235346F}"
EndProject
Project("{FAE04EC0-301F-11D3-BF4B-00C04F79EFBC}") = "Game.GrandSeal.Editor", "Games\GrandSeal.Editor\Game.GrandSeal.Editor.csproj", "{7F99AF1C-CC9D-434B-8A2C-3CFFC0E04D98}"
EndProject
Project("{8BC9CEB8-8B4A-11D0-8D11-00A0C91BC942}") = "Core.Protocol.Cpp", "Core\Protocol\Core.Protocol.Cpp.vcxproj", "{458BE196-E526-4B6C-A257-B6A40B53DC0B}"
	ProjectSection(ProjectDependencies) = postProject
		{9FDE20AA-A982-4CA0-9FFC-FD57FAF82088} = {9FDE20AA-A982-4CA0-9FFC-FD57FAF82088}
	EndProjectSection
EndProject
Project("{2150E333-8FDC-42A3-9474-1A3956D46DE8}") = "Core", "Core", "{347882B3-6639-4ADC-B3F3-82628E47D80C}"
EndProject
Project("{2150E333-8FDC-42A3-9474-1A3956D46DE8}") = "GrandSeal", "GrandSeal", "{F3318951-AAE4-40DA-9709-B2FCED858AE3}"
EndProject
Global
	GlobalSection(SolutionConfigurationPlatforms) = preSolution
		Debug|x64 = Debug|x64
		Release|x64 = Release|x64
	EndGlobalSection
	GlobalSection(ProjectConfigurationPlatforms) = postSolution
		{E05836D9-0BB3-4BFA-89E6-F5ED40A9D93C}.Debug|x64.ActiveCfg = Debug|x64
		{E05836D9-0BB3-4BFA-89E6-F5ED40A9D93C}.Debug|x64.Build.0 = Debug|x64
		{E05836D9-0BB3-4BFA-89E6-F5ED40A9D93C}.Release|x64.ActiveCfg = Release|x64
		{E05836D9-0BB3-4BFA-89E6-F5ED40A9D93C}.Release|x64.Build.0 = Release|x64
		{A724DB75-B032-4AE5-B901-063A165F7E71}.Debug|x64.ActiveCfg = Debug|x64
		{A724DB75-B032-4AE5-B901-063A165F7E71}.Debug|x64.Build.0 = Debug|x64
		{A724DB75-B032-4AE5-B901-063A165F7E71}.Release|x64.ActiveCfg = Release|x64
		{A724DB75-B032-4AE5-B901-063A165F7E71}.Release|x64.Build.0 = Release|x64
		{819FF5D0-4498-48F2-9F7D-81A322B9B082}.Debug|x64.ActiveCfg = Debug|x64
		{819FF5D0-4498-48F2-9F7D-81A322B9B082}.Debug|x64.Build.0 = Debug|x64
		{819FF5D0-4498-48F2-9F7D-81A322B9B082}.Release|x64.ActiveCfg = Release|Any CPU
		{70D4C0DD-845B-4569-9DF2-32887D9AEA32}.Debug|x64.ActiveCfg = Debug|x64
		{70D4C0DD-845B-4569-9DF2-32887D9AEA32}.Release|x64.ActiveCfg = Release|x64
		{70D4C0DD-845B-4569-9DF2-32887D9AEA32}.Release|x64.Build.0 = Release|x64
		{9FDE20AA-A982-4CA0-9FFC-FD57FAF82088}.Debug|x64.ActiveCfg = Debug|x64
		{9FDE20AA-A982-4CA0-9FFC-FD57FAF82088}.Debug|x64.Build.0 = Debug|x64
		{9FDE20AA-A982-4CA0-9FFC-FD57FAF82088}.Release|x64.ActiveCfg = Release|x64
		{9FDE20AA-A982-4CA0-9FFC-FD57FAF82088}.Release|x64.Build.0 = Release|x64
		{B7C2C25C-C2A1-40B4-955C-EED2C235346F}.Debug|x64.ActiveCfg = Debug|x64
		{B7C2C25C-C2A1-40B4-955C-EED2C235346F}.Debug|x64.Build.0 = Debug|x64
		{B7C2C25C-C2A1-40B4-955C-EED2C235346F}.Release|x64.ActiveCfg = Release|x64
		{B7C2C25C-C2A1-40B4-955C-EED2C235346F}.Release|x64.Build.0 = Release|x64
		{7F99AF1C-CC9D-434B-8A2C-3CFFC0E04D98}.Debug|x64.ActiveCfg = Debug|x64
		{7F99AF1C-CC9D-434B-8A2C-3CFFC0E04D98}.Debug|x64.Build.0 = Debug|x64
		{7F99AF1C-CC9D-434B-8A2C-3CFFC0E04D98}.Release|x64.ActiveCfg = Release|x64
		{7F99AF1C-CC9D-434B-8A2C-3CFFC0E04D98}.Release|x64.Build.0 = Release|x64
		{458BE196-E526-4B6C-A257-B6A40B53DC0B}.Debug|x64.ActiveCfg = Release|x64
		{458BE196-E526-4B6C-A257-B6A40B53DC0B}.Release|x64.ActiveCfg = Release|x64
		{458BE196-E526-4B6C-A257-B6A40B53DC0B}.Release|x64.Build.0 = Release|x64
	EndGlobalSection
	GlobalSection(SolutionProperties) = preSolution
		HideSolutionNode = FALSE
	EndGlobalSection
	GlobalSection(NestedProjects) = preSolution
		{A724DB75-B032-4AE5-B901-063A165F7E71} = {347882B3-6639-4ADC-B3F3-82628E47D80C}
		{819FF5D0-4498-48F2-9F7D-81A322B9B082} = {347882B3-6639-4ADC-B3F3-82628E47D80C}
		{70D4C0DD-845B-4569-9DF2-32887D9AEA32} = {347882B3-6639-4ADC-B3F3-82628E47D80C}
		{9FDE20AA-A982-4CA0-9FFC-FD57FAF82088} = {347882B3-6639-4ADC-B3F3-82628E47D80C}
		{458BE196-E526-4B6C-A257-B6A40B53DC0B} = {347882B3-6639-4ADC-B3F3-82628E47D80C}
		{E05836D9-0BB3-4BFA-89E6-F5ED40A9D93C} = {347882B3-6639-4ADC-B3F3-82628E47D80C}
		{7F99AF1C-CC9D-434B-8A2C-3CFFC0E04D98} = {F3318951-AAE4-40DA-9709-B2FCED858AE3}
		{B7C2C25C-C2A1-40B4-955C-EED2C235346F} = {F3318951-AAE4-40DA-9709-B2FCED858AE3}
	EndGlobalSection
	GlobalSection(Performance) = preSolution
		HasPerformanceSessions = true
	EndGlobalSection
EndGlobal
